// !$*UTF8*$!
{
	archiveVersion = 1;
	classes = {
	};
	objectVersion = 50;
	objects = {

/* Begin PBXBuildFile section */
		1100182D2305669D00FCD4D5 /* LabelSectionController.m in Sources */ = {isa = PBXBuildFile; fileRef = 1100182C2305669D00FCD4D5 /* LabelSectionController.m */; };
		1100183023056D1600FCD4D5 /* LoadMoreFooterSectionController.m in Sources */ = {isa = PBXBuildFile; fileRef = 1100182F23056D1600FCD4D5 /* LoadMoreFooterSectionController.m */; };
		1100183323056DE200FCD4D5 /* LoadMoreFooterCell.m in Sources */ = {isa = PBXBuildFile; fileRef = 1100183223056DE200FCD4D5 /* LoadMoreFooterCell.m */; };
		11001836230570C200FCD4D5 /* NSArray+Number.m in Sources */ = {isa = PBXBuildFile; fileRef = 11001835230570C200FCD4D5 /* NSArray+Number.m */; };
		110FB80022EFDF980066CD3B /* AppDelegate.m in Sources */ = {isa = PBXBuildFile; fileRef = 110FB7FF22EFDF980066CD3B /* AppDelegate.m */; };
		110FB80622EFDF980066CD3B /* Main.storyboard in Resources */ = {isa = PBXBuildFile; fileRef = 110FB80422EFDF980066CD3B /* Main.storyboard */; };
		110FB80822EFDF9A0066CD3B /* Assets.xcassets in Resources */ = {isa = PBXBuildFile; fileRef = 110FB80722EFDF9A0066CD3B /* Assets.xcassets */; };
		110FB80B22EFDF9A0066CD3B /* LaunchScreen.storyboard in Resources */ = {isa = PBXBuildFile; fileRef = 110FB80922EFDF9A0066CD3B /* LaunchScreen.storyboard */; };
		110FB80E22EFDF9A0066CD3B /* main.m in Sources */ = {isa = PBXBuildFile; fileRef = 110FB80D22EFDF9A0066CD3B /* main.m */; };
		110FB81822EFDF9A0066CD3B /* IGlistKitTestDemoTests.m in Sources */ = {isa = PBXBuildFile; fileRef = 110FB81722EFDF9A0066CD3B /* IGlistKitTestDemoTests.m */; };
		110FB82322EFDF9A0066CD3B /* IGlistKitTestDemoUITests.m in Sources */ = {isa = PBXBuildFile; fileRef = 110FB82222EFDF9A0066CD3B /* IGlistKitTestDemoUITests.m */; };
		112E7DB02303F31900E47B54 /* DemoSectionController.m in Sources */ = {isa = PBXBuildFile; fileRef = 112E7DAF2303F31900E47B54 /* DemoSectionController.m */; };
		112E7DB523040C0600E47B54 /* BaseCollectionViewController.m in Sources */ = {isa = PBXBuildFile; fileRef = 112E7DB423040C0600E47B54 /* BaseCollectionViewController.m */; };
		112E7DBB23040EDC00E47B54 /* LoadMoreViewController.m in Sources */ = {isa = PBXBuildFile; fileRef = 112E7DBA23040EDC00E47B54 /* LoadMoreViewController.m */; };
		112E7DBF2304132D00E47B54 /* DemoCell.m in Sources */ = {isa = PBXBuildFile; fileRef = 112E7DBE2304132D00E47B54 /* DemoCell.m */; };
		11768BDA2302640600E1107C /* DemoMainViewController.m in Sources */ = {isa = PBXBuildFile; fileRef = 11768BD92302640600E1107C /* DemoMainViewController.m */; };
		11768BE023026E9D00E1107C /* DemoSectionModel.m in Sources */ = {isa = PBXBuildFile; fileRef = 11768BDF23026E9D00E1107C /* DemoSectionModel.m */; };
		117855C42306447900479305 /* SearchViewController.m in Sources */ = {isa = PBXBuildFile; fileRef = 117855C32306447900479305 /* SearchViewController.m */; };
		117855C7230646D500479305 /* SearchSectionCotroller.m in Sources */ = {isa = PBXBuildFile; fileRef = 117855C6230646D500479305 /* SearchSectionCotroller.m */; };
		117855CA230647AE00479305 /* SearchCell.m in Sources */ = {isa = PBXBuildFile; fileRef = 117855C9230647AE00479305 /* SearchCell.m */; };
		117855D223069B1800479305 /* MixedDataViewController.m in Sources */ = {isa = PBXBuildFile; fileRef = 117855D123069B1800479305 /* MixedDataViewController.m */; };
		117855D523069DCE00479305 /* GridItem.m in Sources */ = {isa = PBXBuildFile; fileRef = 117855D423069DCE00479305 /* GridItem.m */; };
		117855D823069DF600479305 /* User.m in Sources */ = {isa = PBXBuildFile; fileRef = 117855D723069DF600479305 /* User.m */; };
		117855DB2306A1CC00479305 /* ExpandableSectionController.m in Sources */ = {isa = PBXBuildFile; fileRef = 117855DA2306A1CC00479305 /* ExpandableSectionController.m */; };
		117855DE2306A1DB00479305 /* GridSectionController.m in Sources */ = {isa = PBXBuildFile; fileRef = 117855DD2306A1DB00479305 /* GridSectionController.m */; };
		117855E12306A1E300479305 /* UserSectionController.m in Sources */ = {isa = PBXBuildFile; fileRef = 117855E02306A1E300479305 /* UserSectionController.m */; };
		117855E42306A34B00479305 /* CenterLabelCell.m in Sources */ = {isa = PBXBuildFile; fileRef = 117855E32306A34B00479305 /* CenterLabelCell.m */; };
		117855E72306A42B00479305 /* DetailLabelCell.m in Sources */ = {isa = PBXBuildFile; fileRef = 117855E62306A42B00479305 /* DetailLabelCell.m */; };
		117855EB2306A99F00479305 /* NestedAdapterViewController.m in Sources */ = {isa = PBXBuildFile; fileRef = 117855EA2306A99F00479305 /* NestedAdapterViewController.m */; };
		117855EE2306AA1F00479305 /* HorizontalSectionController.m in Sources */ = {isa = PBXBuildFile; fileRef = 117855ED2306AA1F00479305 /* HorizontalSectionController.m */; };
		117855F12306AB1200479305 /* EmbeddedCollectionViewCell.m in Sources */ = {isa = PBXBuildFile; fileRef = 117855F02306AB1200479305 /* EmbeddedCollectionViewCell.m */; };
		117855F42306AB2800479305 /* EmbeddedSectionController.m in Sources */ = {isa = PBXBuildFile; fileRef = 117855F32306AB2800479305 /* EmbeddedSectionController.m */; };
		117855F82306AF4600479305 /* EmptyViewController.m in Sources */ = {isa = PBXBuildFile; fileRef = 117855F72306AF4600479305 /* EmptyViewController.m */; };
		117855FB2306AFCF00479305 /* RemoveSectionController.m in Sources */ = {isa = PBXBuildFile; fileRef = 117855FA2306AFCF00479305 /* RemoveSectionController.m */; };
		117855FE2306B00B00479305 /* RemoveCell.m in Sources */ = {isa = PBXBuildFile; fileRef = 117855FD2306B00B00479305 /* RemoveCell.m */; };
		117856022306B44A00479305 /* SingleSectionViewController.m in Sources */ = {isa = PBXBuildFile; fileRef = 117856012306B44A00479305 /* SingleSectionViewController.m */; };
		117856062306B4BF00479305 /* NibCell.xib in Resources */ = {isa = PBXBuildFile; fileRef = 117856032306B4BF00479305 /* NibCell.xib */; };
		117856072306B4BF00479305 /* NibCell.m in Sources */ = {isa = PBXBuildFile; fileRef = 117856052306B4BF00479305 /* NibCell.m */; };
		89EA30555AA50E4159248F63 /* libPods-IGlistKitTestDemo.a in Frameworks */ = {isa = PBXBuildFile; fileRef = 204389AF321AE08D99A8715F /* libPods-IGlistKitTestDemo.a */; };
/* End PBXBuildFile section */

/* Begin PBXContainerItemProxy section */
		110FB81422EFDF9A0066CD3B /* PBXContainerItemProxy */ = {
			isa = PBXContainerItemProxy;
			containerPortal = 110FB7F322EFDF980066CD3B /* Project object */;
			proxyType = 1;
			remoteGlobalIDString = 110FB7FA22EFDF980066CD3B;
			remoteInfo = IGlistKitTestDemo;
		};
		110FB81F22EFDF9A0066CD3B /* PBXContainerItemProxy */ = {
			isa = PBXContainerItemProxy;
			containerPortal = 110FB7F322EFDF980066CD3B /* Project object */;
			proxyType = 1;
			remoteGlobalIDString = 110FB7FA22EFDF980066CD3B;
			remoteInfo = IGlistKitTestDemo;
		};
/* End PBXContainerItemProxy section */

/* Begin PBXFileReference section */
		1100182B2305669D00FCD4D5 /* LabelSectionController.h */ = {isa = PBXFileReference; lastKnownFileType = sourcecode.c.h; path = LabelSectionController.h; sourceTree = "<group>"; };
		1100182C2305669D00FCD4D5 /* LabelSectionController.m */ = {isa = PBXFileReference; lastKnownFileType = sourcecode.c.objc; path = LabelSectionController.m; sourceTree = "<group>"; };
		1100182E23056D1600FCD4D5 /* LoadMoreFooterSectionController.h */ = {isa = PBXFileReference; lastKnownFileType = sourcecode.c.h; path = LoadMoreFooterSectionController.h; sourceTree = "<group>"; };
		1100182F23056D1600FCD4D5 /* LoadMoreFooterSectionController.m */ = {isa = PBXFileReference; lastKnownFileType = sourcecode.c.objc; path = LoadMoreFooterSectionController.m; sourceTree = "<group>"; };
		1100183123056DE200FCD4D5 /* LoadMoreFooterCell.h */ = {isa = PBXFileReference; lastKnownFileType = sourcecode.c.h; path = LoadMoreFooterCell.h; sourceTree = "<group>"; };
		1100183223056DE200FCD4D5 /* LoadMoreFooterCell.m */ = {isa = PBXFileReference; lastKnownFileType = sourcecode.c.objc; path = LoadMoreFooterCell.m; sourceTree = "<group>"; };
		11001834230570C200FCD4D5 /* NSArray+Number.h */ = {isa = PBXFileReference; fileEncoding = 4; lastKnownFileType = sourcecode.c.h; path = "NSArray+Number.h"; sourceTree = "<group>"; };
		11001835230570C200FCD4D5 /* NSArray+Number.m */ = {isa = PBXFileReference; fileEncoding = 4; lastKnownFileType = sourcecode.c.objc; path = "NSArray+Number.m"; sourceTree = "<group>"; };
		110FB7FB22EFDF980066CD3B /* IGlistKitTestDemo.app */ = {isa = PBXFileReference; explicitFileType = wrapper.application; includeInIndex = 0; path = IGlistKitTestDemo.app; sourceTree = BUILT_PRODUCTS_DIR; };
		110FB7FE22EFDF980066CD3B /* AppDelegate.h */ = {isa = PBXFileReference; lastKnownFileType = sourcecode.c.h; path = AppDelegate.h; sourceTree = "<group>"; };
		110FB7FF22EFDF980066CD3B /* AppDelegate.m */ = {isa = PBXFileReference; lastKnownFileType = sourcecode.c.objc; path = AppDelegate.m; sourceTree = "<group>"; };
		110FB80522EFDF980066CD3B /* Base */ = {isa = PBXFileReference; lastKnownFileType = file.storyboard; name = Base; path = Base.lproj/Main.storyboard; sourceTree = "<group>"; };
		110FB80722EFDF9A0066CD3B /* Assets.xcassets */ = {isa = PBXFileReference; lastKnownFileType = folder.assetcatalog; path = Assets.xcassets; sourceTree = "<group>"; };
		110FB80A22EFDF9A0066CD3B /* Base */ = {isa = PBXFileReference; lastKnownFileType = file.storyboard; name = Base; path = Base.lproj/LaunchScreen.storyboard; sourceTree = "<group>"; };
		110FB80C22EFDF9A0066CD3B /* Info.plist */ = {isa = PBXFileReference; lastKnownFileType = text.plist.xml; path = Info.plist; sourceTree = "<group>"; };
		110FB80D22EFDF9A0066CD3B /* main.m */ = {isa = PBXFileReference; lastKnownFileType = sourcecode.c.objc; path = main.m; sourceTree = "<group>"; };
		110FB81322EFDF9A0066CD3B /* IGlistKitTestDemoTests.xctest */ = {isa = PBXFileReference; explicitFileType = wrapper.cfbundle; includeInIndex = 0; path = IGlistKitTestDemoTests.xctest; sourceTree = BUILT_PRODUCTS_DIR; };
		110FB81722EFDF9A0066CD3B /* IGlistKitTestDemoTests.m */ = {isa = PBXFileReference; lastKnownFileType = sourcecode.c.objc; path = IGlistKitTestDemoTests.m; sourceTree = "<group>"; };
		110FB81922EFDF9A0066CD3B /* Info.plist */ = {isa = PBXFileReference; lastKnownFileType = text.plist.xml; path = Info.plist; sourceTree = "<group>"; };
		110FB81E22EFDF9A0066CD3B /* IGlistKitTestDemoUITests.xctest */ = {isa = PBXFileReference; explicitFileType = wrapper.cfbundle; includeInIndex = 0; path = IGlistKitTestDemoUITests.xctest; sourceTree = BUILT_PRODUCTS_DIR; };
		110FB82222EFDF9A0066CD3B /* IGlistKitTestDemoUITests.m */ = {isa = PBXFileReference; lastKnownFileType = sourcecode.c.objc; path = IGlistKitTestDemoUITests.m; sourceTree = "<group>"; };
		110FB82422EFDF9A0066CD3B /* Info.plist */ = {isa = PBXFileReference; lastKnownFileType = text.plist.xml; path = Info.plist; sourceTree = "<group>"; };
		112E7DAE2303F31900E47B54 /* DemoSectionController.h */ = {isa = PBXFileReference; lastKnownFileType = sourcecode.c.h; path = DemoSectionController.h; sourceTree = "<group>"; };
		112E7DAF2303F31900E47B54 /* DemoSectionController.m */ = {isa = PBXFileReference; lastKnownFileType = sourcecode.c.objc; path = DemoSectionController.m; sourceTree = "<group>"; };
		112E7DB323040C0600E47B54 /* BaseCollectionViewController.h */ = {isa = PBXFileReference; lastKnownFileType = sourcecode.c.h; path = BaseCollectionViewController.h; sourceTree = "<group>"; };
		112E7DB423040C0600E47B54 /* BaseCollectionViewController.m */ = {isa = PBXFileReference; lastKnownFileType = sourcecode.c.objc; path = BaseCollectionViewController.m; sourceTree = "<group>"; };
		112E7DB923040EDC00E47B54 /* LoadMoreViewController.h */ = {isa = PBXFileReference; lastKnownFileType = sourcecode.c.h; path = LoadMoreViewController.h; sourceTree = "<group>"; };
		112E7DBA23040EDC00E47B54 /* LoadMoreViewController.m */ = {isa = PBXFileReference; lastKnownFileType = sourcecode.c.objc; path = LoadMoreViewController.m; sourceTree = "<group>"; };
		112E7DBD2304132D00E47B54 /* DemoCell.h */ = {isa = PBXFileReference; lastKnownFileType = sourcecode.c.h; path = DemoCell.h; sourceTree = "<group>"; };
		112E7DBE2304132D00E47B54 /* DemoCell.m */ = {isa = PBXFileReference; lastKnownFileType = sourcecode.c.objc; path = DemoCell.m; sourceTree = "<group>"; };
		11768BD82302640600E1107C /* DemoMainViewController.h */ = {isa = PBXFileReference; lastKnownFileType = sourcecode.c.h; path = DemoMainViewController.h; sourceTree = "<group>"; };
		11768BD92302640600E1107C /* DemoMainViewController.m */ = {isa = PBXFileReference; lastKnownFileType = sourcecode.c.objc; path = DemoMainViewController.m; sourceTree = "<group>"; };
		11768BDE23026E9D00E1107C /* DemoSectionModel.h */ = {isa = PBXFileReference; lastKnownFileType = sourcecode.c.h; path = DemoSectionModel.h; sourceTree = "<group>"; };
		11768BDF23026E9D00E1107C /* DemoSectionModel.m */ = {isa = PBXFileReference; lastKnownFileType = sourcecode.c.objc; path = DemoSectionModel.m; sourceTree = "<group>"; };
		117855C22306447900479305 /* SearchViewController.h */ = {isa = PBXFileReference; lastKnownFileType = sourcecode.c.h; path = SearchViewController.h; sourceTree = "<group>"; };
		117855C32306447900479305 /* SearchViewController.m */ = {isa = PBXFileReference; lastKnownFileType = sourcecode.c.objc; path = SearchViewController.m; sourceTree = "<group>"; };
		117855C5230646D500479305 /* SearchSectionCotroller.h */ = {isa = PBXFileReference; lastKnownFileType = sourcecode.c.h; path = SearchSectionCotroller.h; sourceTree = "<group>"; };
		117855C6230646D500479305 /* SearchSectionCotroller.m */ = {isa = PBXFileReference; lastKnownFileType = sourcecode.c.objc; path = SearchSectionCotroller.m; sourceTree = "<group>"; };
		117855C8230647AE00479305 /* SearchCell.h */ = {isa = PBXFileReference; lastKnownFileType = sourcecode.c.h; path = SearchCell.h; sourceTree = "<group>"; };
		117855C9230647AE00479305 /* SearchCell.m */ = {isa = PBXFileReference; lastKnownFileType = sourcecode.c.objc; path = SearchCell.m; sourceTree = "<group>"; };
		117855D023069B1800479305 /* MixedDataViewController.h */ = {isa = PBXFileReference; lastKnownFileType = sourcecode.c.h; path = MixedDataViewController.h; sourceTree = "<group>"; };
		117855D123069B1800479305 /* MixedDataViewController.m */ = {isa = PBXFileReference; lastKnownFileType = sourcecode.c.objc; path = MixedDataViewController.m; sourceTree = "<group>"; };
		117855D323069DCE00479305 /* GridItem.h */ = {isa = PBXFileReference; lastKnownFileType = sourcecode.c.h; path = GridItem.h; sourceTree = "<group>"; };
		117855D423069DCE00479305 /* GridItem.m */ = {isa = PBXFileReference; lastKnownFileType = sourcecode.c.objc; path = GridItem.m; sourceTree = "<group>"; };
		117855D623069DF600479305 /* User.h */ = {isa = PBXFileReference; lastKnownFileType = sourcecode.c.h; path = User.h; sourceTree = "<group>"; };
		117855D723069DF600479305 /* User.m */ = {isa = PBXFileReference; lastKnownFileType = sourcecode.c.objc; path = User.m; sourceTree = "<group>"; };
		117855D92306A1CC00479305 /* ExpandableSectionController.h */ = {isa = PBXFileReference; lastKnownFileType = sourcecode.c.h; path = ExpandableSectionController.h; sourceTree = "<group>"; };
		117855DA2306A1CC00479305 /* ExpandableSectionController.m */ = {isa = PBXFileReference; lastKnownFileType = sourcecode.c.objc; path = ExpandableSectionController.m; sourceTree = "<group>"; };
		117855DC2306A1DB00479305 /* GridSectionController.h */ = {isa = PBXFileReference; lastKnownFileType = sourcecode.c.h; path = GridSectionController.h; sourceTree = "<group>"; };
		117855DD2306A1DB00479305 /* GridSectionController.m */ = {isa = PBXFileReference; lastKnownFileType = sourcecode.c.objc; path = GridSectionController.m; sourceTree = "<group>"; };
		117855DF2306A1E300479305 /* UserSectionController.h */ = {isa = PBXFileReference; lastKnownFileType = sourcecode.c.h; path = UserSectionController.h; sourceTree = "<group>"; };
		117855E02306A1E300479305 /* UserSectionController.m */ = {isa = PBXFileReference; lastKnownFileType = sourcecode.c.objc; path = UserSectionController.m; sourceTree = "<group>"; };
		117855E22306A34B00479305 /* CenterLabelCell.h */ = {isa = PBXFileReference; lastKnownFileType = sourcecode.c.h; path = CenterLabelCell.h; sourceTree = "<group>"; };
		117855E32306A34B00479305 /* CenterLabelCell.m */ = {isa = PBXFileReference; lastKnownFileType = sourcecode.c.objc; path = CenterLabelCell.m; sourceTree = "<group>"; };
		117855E52306A42B00479305 /* DetailLabelCell.h */ = {isa = PBXFileReference; lastKnownFileType = sourcecode.c.h; path = DetailLabelCell.h; sourceTree = "<group>"; };
		117855E62306A42B00479305 /* DetailLabelCell.m */ = {isa = PBXFileReference; lastKnownFileType = sourcecode.c.objc; path = DetailLabelCell.m; sourceTree = "<group>"; };
		117855E92306A99F00479305 /* NestedAdapterViewController.h */ = {isa = PBXFileReference; lastKnownFileType = sourcecode.c.h; path = NestedAdapterViewController.h; sourceTree = "<group>"; };
		117855EA2306A99F00479305 /* NestedAdapterViewController.m */ = {isa = PBXFileReference; lastKnownFileType = sourcecode.c.objc; path = NestedAdapterViewController.m; sourceTree = "<group>"; };
		117855EC2306AA1F00479305 /* HorizontalSectionController.h */ = {isa = PBXFileReference; lastKnownFileType = sourcecode.c.h; path = HorizontalSectionController.h; sourceTree = "<group>"; };
		117855ED2306AA1F00479305 /* HorizontalSectionController.m */ = {isa = PBXFileReference; lastKnownFileType = sourcecode.c.objc; path = HorizontalSectionController.m; sourceTree = "<group>"; };
		117855EF2306AB1200479305 /* EmbeddedCollectionViewCell.h */ = {isa = PBXFileReference; lastKnownFileType = sourcecode.c.h; path = EmbeddedCollectionViewCell.h; sourceTree = "<group>"; };
		117855F02306AB1200479305 /* EmbeddedCollectionViewCell.m */ = {isa = PBXFileReference; lastKnownFileType = sourcecode.c.objc; path = EmbeddedCollectionViewCell.m; sourceTree = "<group>"; };
		117855F22306AB2800479305 /* EmbeddedSectionController.h */ = {isa = PBXFileReference; lastKnownFileType = sourcecode.c.h; path = EmbeddedSectionController.h; sourceTree = "<group>"; };
		117855F32306AB2800479305 /* EmbeddedSectionController.m */ = {isa = PBXFileReference; lastKnownFileType = sourcecode.c.objc; path = EmbeddedSectionController.m; sourceTree = "<group>"; };
		117855F62306AF4600479305 /* EmptyViewController.h */ = {isa = PBXFileReference; lastKnownFileType = sourcecode.c.h; path = EmptyViewController.h; sourceTree = "<group>"; };
		117855F72306AF4600479305 /* EmptyViewController.m */ = {isa = PBXFileReference; lastKnownFileType = sourcecode.c.objc; path = EmptyViewController.m; sourceTree = "<group>"; };
		117855F92306AFCF00479305 /* RemoveSectionController.h */ = {isa = PBXFileReference; lastKnownFileType = sourcecode.c.h; path = RemoveSectionController.h; sourceTree = "<group>"; };
		117855FA2306AFCF00479305 /* RemoveSectionController.m */ = {isa = PBXFileReference; lastKnownFileType = sourcecode.c.objc; path = RemoveSectionController.m; sourceTree = "<group>"; };
		117855FC2306B00B00479305 /* RemoveCell.h */ = {isa = PBXFileReference; lastKnownFileType = sourcecode.c.h; path = RemoveCell.h; sourceTree = "<group>"; };
		117855FD2306B00B00479305 /* RemoveCell.m */ = {isa = PBXFileReference; lastKnownFileType = sourcecode.c.objc; path = RemoveCell.m; sourceTree = "<group>"; };
		117856002306B44A00479305 /* SingleSectionViewController.h */ = {isa = PBXFileReference; lastKnownFileType = sourcecode.c.h; path = SingleSectionViewController.h; sourceTree = "<group>"; };
		117856012306B44A00479305 /* SingleSectionViewController.m */ = {isa = PBXFileReference; lastKnownFileType = sourcecode.c.objc; path = SingleSectionViewController.m; sourceTree = "<group>"; };
		117856032306B4BF00479305 /* NibCell.xib */ = {isa = PBXFileReference; fileEncoding = 4; lastKnownFileType = file.xib; path = NibCell.xib; sourceTree = "<group>"; };
		117856042306B4BF00479305 /* NibCell.h */ = {isa = PBXFileReference; fileEncoding = 4; lastKnownFileType = sourcecode.c.h; path = NibCell.h; sourceTree = "<group>"; };
		117856052306B4BF00479305 /* NibCell.m */ = {isa = PBXFileReference; fileEncoding = 4; lastKnownFileType = sourcecode.c.objc; path = NibCell.m; sourceTree = "<group>"; };
		204389AF321AE08D99A8715F /* libPods-IGlistKitTestDemo.a */ = {isa = PBXFileReference; explicitFileType = archive.ar; includeInIndex = 0; path = "libPods-IGlistKitTestDemo.a"; sourceTree = BUILT_PRODUCTS_DIR; };
		D9688FB3679397D20BFE65E1 /* Pods-IGlistKitTestDemo.debug.xcconfig */ = {isa = PBXFileReference; includeInIndex = 1; lastKnownFileType = text.xcconfig; name = "Pods-IGlistKitTestDemo.debug.xcconfig"; path = "Target Support Files/Pods-IGlistKitTestDemo/Pods-IGlistKitTestDemo.debug.xcconfig"; sourceTree = "<group>"; };
		EA50CECEF36DE3BDC2BE84A9 /* Pods-IGlistKitTestDemo.release.xcconfig */ = {isa = PBXFileReference; includeInIndex = 1; lastKnownFileType = text.xcconfig; name = "Pods-IGlistKitTestDemo.release.xcconfig"; path = "Target Support Files/Pods-IGlistKitTestDemo/Pods-IGlistKitTestDemo.release.xcconfig"; sourceTree = "<group>"; };
/* End PBXFileReference section */

/* Begin PBXFrameworksBuildPhase section */
		110FB7F822EFDF980066CD3B /* Frameworks */ = {
			isa = PBXFrameworksBuildPhase;
			buildActionMask = 2147483647;
			files = (
				89EA30555AA50E4159248F63 /* libPods-IGlistKitTestDemo.a in Frameworks */,
			);
			runOnlyForDeploymentPostprocessing = 0;
		};
		110FB81022EFDF9A0066CD3B /* Frameworks */ = {
			isa = PBXFrameworksBuildPhase;
			buildActionMask = 2147483647;
			files = (
			);
			runOnlyForDeploymentPostprocessing = 0;
		};
		110FB81B22EFDF9A0066CD3B /* Frameworks */ = {
			isa = PBXFrameworksBuildPhase;
			buildActionMask = 2147483647;
			files = (
			);
			runOnlyForDeploymentPostprocessing = 0;
		};
/* End PBXFrameworksBuildPhase section */

/* Begin PBXGroup section */
		110FB7F222EFDF980066CD3B = {
			isa = PBXGroup;
			children = (
				110FB7FD22EFDF980066CD3B /* IGlistKitTestDemo */,
				117855CB23064D4700479305 /* Category */,
				110FB81622EFDF9A0066CD3B /* IGlistKitTestDemoTests */,
				110FB82122EFDF9A0066CD3B /* IGlistKitTestDemoUITests */,
				110FB7FC22EFDF980066CD3B /* Products */,
				84D8E9D15AD44E652E404527 /* Pods */,
				9E89B6EE8B1B7FE7EC5D5C9C /* Frameworks */,
			);
			sourceTree = "<group>";
		};
		110FB7FC22EFDF980066CD3B /* Products */ = {
			isa = PBXGroup;
			children = (
				110FB7FB22EFDF980066CD3B /* IGlistKitTestDemo.app */,
				110FB81322EFDF9A0066CD3B /* IGlistKitTestDemoTests.xctest */,
				110FB81E22EFDF9A0066CD3B /* IGlistKitTestDemoUITests.xctest */,
			);
			name = Products;
			sourceTree = "<group>";
		};
		110FB7FD22EFDF980066CD3B /* IGlistKitTestDemo */ = {
			isa = PBXGroup;
			children = (
				110FB7FE22EFDF980066CD3B /* AppDelegate.h */,
				110FB7FF22EFDF980066CD3B /* AppDelegate.m */,
				117855FF2306B43400479305 /* 单节控制器 */,
				117855F52306AF2D00479305 /* 空视图 */,
				117855E82306A98B00479305 /* 嵌套的适配器 */,
				117855CF23069AEF00479305 /* 混合数据 */,
				117855CC23064D7100479305 /* DemoMain */,
				117855CD23064DBA00479305 /* 尾部加载 */,
				117855CE23064E0300479305 /* 自动搜索 */,
				112E7DB223040BDB00E47B54 /* basevc */,
				110FB80422EFDF980066CD3B /* Main.storyboard */,
				110FB80722EFDF9A0066CD3B /* Assets.xcassets */,
				110FB80922EFDF9A0066CD3B /* LaunchScreen.storyboard */,
				110FB80C22EFDF9A0066CD3B /* Info.plist */,
				110FB80D22EFDF9A0066CD3B /* main.m */,
			);
			path = IGlistKitTestDemo;
			sourceTree = "<group>";
		};
		110FB81622EFDF9A0066CD3B /* IGlistKitTestDemoTests */ = {
			isa = PBXGroup;
			children = (
				110FB81722EFDF9A0066CD3B /* IGlistKitTestDemoTests.m */,
				110FB81922EFDF9A0066CD3B /* Info.plist */,
			);
			path = IGlistKitTestDemoTests;
			sourceTree = "<group>";
		};
		110FB82122EFDF9A0066CD3B /* IGlistKitTestDemoUITests */ = {
			isa = PBXGroup;
			children = (
				110FB82222EFDF9A0066CD3B /* IGlistKitTestDemoUITests.m */,
				110FB82422EFDF9A0066CD3B /* Info.plist */,
			);
			path = IGlistKitTestDemoUITests;
			sourceTree = "<group>";
		};
		112E7DB223040BDB00E47B54 /* basevc */ = {
			isa = PBXGroup;
			children = (
				112E7DB323040C0600E47B54 /* BaseCollectionViewController.h */,
				112E7DB423040C0600E47B54 /* BaseCollectionViewController.m */,
			);
			path = basevc;
			sourceTree = "<group>";
		};
		117855CB23064D4700479305 /* Category */ = {
			isa = PBXGroup;
			children = (
				11001834230570C200FCD4D5 /* NSArray+Number.h */,
				11001835230570C200FCD4D5 /* NSArray+Number.m */,
			);
			path = Category;
			sourceTree = "<group>";
		};
		117855CC23064D7100479305 /* DemoMain */ = {
			isa = PBXGroup;
			children = (
				11768BD82302640600E1107C /* DemoMainViewController.h */,
				11768BD92302640600E1107C /* DemoMainViewController.m */,
				112E7DBD2304132D00E47B54 /* DemoCell.h */,
				112E7DBE2304132D00E47B54 /* DemoCell.m */,
				112E7DAE2303F31900E47B54 /* DemoSectionController.h */,
				112E7DAF2303F31900E47B54 /* DemoSectionController.m */,
				11768BDE23026E9D00E1107C /* DemoSectionModel.h */,
				11768BDF23026E9D00E1107C /* DemoSectionModel.m */,
			);
			path = DemoMain;
			sourceTree = "<group>";
		};
		117855CD23064DBA00479305 /* 尾部加载 */ = {
			isa = PBXGroup;
			children = (
				112E7DB923040EDC00E47B54 /* LoadMoreViewController.h */,
				112E7DBA23040EDC00E47B54 /* LoadMoreViewController.m */,
				1100183123056DE200FCD4D5 /* LoadMoreFooterCell.h */,
				1100183223056DE200FCD4D5 /* LoadMoreFooterCell.m */,
				1100182E23056D1600FCD4D5 /* LoadMoreFooterSectionController.h */,
				1100182F23056D1600FCD4D5 /* LoadMoreFooterSectionController.m */,
				1100182B2305669D00FCD4D5 /* LabelSectionController.h */,
				1100182C2305669D00FCD4D5 /* LabelSectionController.m */,
			);
			path = "尾部加载";
			sourceTree = "<group>";
		};
		117855CE23064E0300479305 /* 自动搜索 */ = {
			isa = PBXGroup;
			children = (
				117855C22306447900479305 /* SearchViewController.h */,
				117855C32306447900479305 /* SearchViewController.m */,
				117855C5230646D500479305 /* SearchSectionCotroller.h */,
				117855C6230646D500479305 /* SearchSectionCotroller.m */,
				117855C8230647AE00479305 /* SearchCell.h */,
				117855C9230647AE00479305 /* SearchCell.m */,
			);
			path = "自动搜索";
			sourceTree = "<group>";
		};
		117855CF23069AEF00479305 /* 混合数据 */ = {
			isa = PBXGroup;
			children = (
				117855D023069B1800479305 /* MixedDataViewController.h */,
				117855D123069B1800479305 /* MixedDataViewController.m */,
				117855D323069DCE00479305 /* GridItem.h */,
				117855D423069DCE00479305 /* GridItem.m */,
				117855D623069DF600479305 /* User.h */,
				117855D723069DF600479305 /* User.m */,
				117855D92306A1CC00479305 /* ExpandableSectionController.h */,
				117855DA2306A1CC00479305 /* ExpandableSectionController.m */,
				117855DC2306A1DB00479305 /* GridSectionController.h */,
				117855DD2306A1DB00479305 /* GridSectionController.m */,
				117855DF2306A1E300479305 /* UserSectionController.h */,
				117855E02306A1E300479305 /* UserSectionController.m */,
				117855E22306A34B00479305 /* CenterLabelCell.h */,
				117855E32306A34B00479305 /* CenterLabelCell.m */,
				117855E52306A42B00479305 /* DetailLabelCell.h */,
				117855E62306A42B00479305 /* DetailLabelCell.m */,
			);
			path = "混合数据";
			sourceTree = "<group>";
		};
		117855E82306A98B00479305 /* 嵌套的适配器 */ = {
			isa = PBXGroup;
			children = (
				117855E92306A99F00479305 /* NestedAdapterViewController.h */,
				117855EA2306A99F00479305 /* NestedAdapterViewController.m */,
				117855EC2306AA1F00479305 /* HorizontalSectionController.h */,
				117855ED2306AA1F00479305 /* HorizontalSectionController.m */,
				117855EF2306AB1200479305 /* EmbeddedCollectionViewCell.h */,
				117855F02306AB1200479305 /* EmbeddedCollectionViewCell.m */,
				117855F22306AB2800479305 /* EmbeddedSectionController.h */,
				117855F32306AB2800479305 /* EmbeddedSectionController.m */,
			);
			path = "嵌套的适配器";
			sourceTree = "<group>";
		};
		117855F52306AF2D00479305 /* 空视图 */ = {
			isa = PBXGroup;
			children = (
				117855F62306AF4600479305 /* EmptyViewController.h */,
				117855F72306AF4600479305 /* EmptyViewController.m */,
				117855F92306AFCF00479305 /* RemoveSectionController.h */,
				117855FA2306AFCF00479305 /* RemoveSectionController.m */,
				117855FC2306B00B00479305 /* RemoveCell.h */,
				117855FD2306B00B00479305 /* RemoveCell.m */,
			);
			path = "空视图";
			sourceTree = "<group>";
		};
		117855FF2306B43400479305 /* 单节控制器 */ = {
			isa = PBXGroup;
			children = (
				117856042306B4BF00479305 /* NibCell.h */,
				117856052306B4BF00479305 /* NibCell.m */,
				117856032306B4BF00479305 /* NibCell.xib */,
				117856002306B44A00479305 /* SingleSectionViewController.h */,
				117856012306B44A00479305 /* SingleSectionViewController.m */,
			);
			path = "单节控制器";
			sourceTree = "<group>";
		};
		84D8E9D15AD44E652E404527 /* Pods */ = {
			isa = PBXGroup;
			children = (
				D9688FB3679397D20BFE65E1 /* Pods-IGlistKitTestDemo.debug.xcconfig */,
				EA50CECEF36DE3BDC2BE84A9 /* Pods-IGlistKitTestDemo.release.xcconfig */,
			);
			path = Pods;
			sourceTree = "<group>";
		};
		9E89B6EE8B1B7FE7EC5D5C9C /* Frameworks */ = {
			isa = PBXGroup;
			children = (
				204389AF321AE08D99A8715F /* libPods-IGlistKitTestDemo.a */,
			);
			name = Frameworks;
			sourceTree = "<group>";
		};
/* End PBXGroup section */

/* Begin PBXNativeTarget section */
		110FB7FA22EFDF980066CD3B /* IGlistKitTestDemo */ = {
			isa = PBXNativeTarget;
			buildConfigurationList = 110FB82722EFDF9A0066CD3B /* Build configuration list for PBXNativeTarget "IGlistKitTestDemo" */;
			buildPhases = (
				029717C6CE445326F1E870F6 /* [CP] Check Pods Manifest.lock */,
				110FB7F722EFDF980066CD3B /* Sources */,
				110FB7F822EFDF980066CD3B /* Frameworks */,
				110FB7F922EFDF980066CD3B /* Resources */,
			);
			buildRules = (
			);
			dependencies = (
			);
			name = IGlistKitTestDemo;
			productName = IGlistKitTestDemo;
			productReference = 110FB7FB22EFDF980066CD3B /* IGlistKitTestDemo.app */;
			productType = "com.apple.product-type.application";
		};
		110FB81222EFDF9A0066CD3B /* IGlistKitTestDemoTests */ = {
			isa = PBXNativeTarget;
			buildConfigurationList = 110FB82A22EFDF9A0066CD3B /* Build configuration list for PBXNativeTarget "IGlistKitTestDemoTests" */;
			buildPhases = (
				110FB80F22EFDF9A0066CD3B /* Sources */,
				110FB81022EFDF9A0066CD3B /* Frameworks */,
				110FB81122EFDF9A0066CD3B /* Resources */,
			);
			buildRules = (
			);
			dependencies = (
				110FB81522EFDF9A0066CD3B /* PBXTargetDependency */,
			);
			name = IGlistKitTestDemoTests;
			productName = IGlistKitTestDemoTests;
			productReference = 110FB81322EFDF9A0066CD3B /* IGlistKitTestDemoTests.xctest */;
			productType = "com.apple.product-type.bundle.unit-test";
		};
		110FB81D22EFDF9A0066CD3B /* IGlistKitTestDemoUITests */ = {
			isa = PBXNativeTarget;
			buildConfigurationList = 110FB82D22EFDF9A0066CD3B /* Build configuration list for PBXNativeTarget "IGlistKitTestDemoUITests" */;
			buildPhases = (
				110FB81A22EFDF9A0066CD3B /* Sources */,
				110FB81B22EFDF9A0066CD3B /* Frameworks */,
				110FB81C22EFDF9A0066CD3B /* Resources */,
			);
			buildRules = (
			);
			dependencies = (
				110FB82022EFDF9A0066CD3B /* PBXTargetDependency */,
			);
			name = IGlistKitTestDemoUITests;
			productName = IGlistKitTestDemoUITests;
			productReference = 110FB81E22EFDF9A0066CD3B /* IGlistKitTestDemoUITests.xctest */;
			productType = "com.apple.product-type.bundle.ui-testing";
		};
/* End PBXNativeTarget section */

/* Begin PBXProject section */
		110FB7F322EFDF980066CD3B /* Project object */ = {
			isa = PBXProject;
			attributes = {
				LastUpgradeCheck = 1020;
				ORGANIZATIONNAME = "世纪佳缘";
				TargetAttributes = {
					110FB7FA22EFDF980066CD3B = {
						CreatedOnToolsVersion = 10.2.1;
					};
					110FB81222EFDF9A0066CD3B = {
						CreatedOnToolsVersion = 10.2.1;
						TestTargetID = 110FB7FA22EFDF980066CD3B;
					};
					110FB81D22EFDF9A0066CD3B = {
						CreatedOnToolsVersion = 10.2.1;
						TestTargetID = 110FB7FA22EFDF980066CD3B;
					};
				};
			};
			buildConfigurationList = 110FB7F622EFDF980066CD3B /* Build configuration list for PBXProject "IGlistKitTestDemo" */;
			compatibilityVersion = "Xcode 9.3";
			developmentRegion = en;
			hasScannedForEncodings = 0;
			knownRegions = (
				en,
				Base,
			);
			mainGroup = 110FB7F222EFDF980066CD3B;
			productRefGroup = 110FB7FC22EFDF980066CD3B /* Products */;
			projectDirPath = "";
			projectRoot = "";
			targets = (
				110FB7FA22EFDF980066CD3B /* IGlistKitTestDemo */,
				110FB81222EFDF9A0066CD3B /* IGlistKitTestDemoTests */,
				110FB81D22EFDF9A0066CD3B /* IGlistKitTestDemoUITests */,
			);
		};
/* End PBXProject section */

/* Begin PBXResourcesBuildPhase section */
		110FB7F922EFDF980066CD3B /* Resources */ = {
			isa = PBXResourcesBuildPhase;
			buildActionMask = 2147483647;
			files = (
				110FB80B22EFDF9A0066CD3B /* LaunchScreen.storyboard in Resources */,
				117856062306B4BF00479305 /* NibCell.xib in Resources */,
				110FB80822EFDF9A0066CD3B /* Assets.xcassets in Resources */,
				110FB80622EFDF980066CD3B /* Main.storyboard in Resources */,
			);
			runOnlyForDeploymentPostprocessing = 0;
		};
		110FB81122EFDF9A0066CD3B /* Resources */ = {
			isa = PBXResourcesBuildPhase;
			buildActionMask = 2147483647;
			files = (
			);
			runOnlyForDeploymentPostprocessing = 0;
		};
		110FB81C22EFDF9A0066CD3B /* Resources */ = {
			isa = PBXResourcesBuildPhase;
			buildActionMask = 2147483647;
			files = (
			);
			runOnlyForDeploymentPostprocessing = 0;
		};
/* End PBXResourcesBuildPhase section */

/* Begin PBXShellScriptBuildPhase section */
		029717C6CE445326F1E870F6 /* [CP] Check Pods Manifest.lock */ = {
			isa = PBXShellScriptBuildPhase;
			buildActionMask = 2147483647;
			files = (
			);
			inputFileListPaths = (
			);
			inputPaths = (
				"${PODS_PODFILE_DIR_PATH}/Podfile.lock",
				"${PODS_ROOT}/Manifest.lock",
			);
			name = "[CP] Check Pods Manifest.lock";
			outputFileListPaths = (
			);
			outputPaths = (
				"$(DERIVED_FILE_DIR)/Pods-IGlistKitTestDemo-checkManifestLockResult.txt",
			);
			runOnlyForDeploymentPostprocessing = 0;
			shellPath = /bin/sh;
			shellScript = "diff \"${PODS_PODFILE_DIR_PATH}/Podfile.lock\" \"${PODS_ROOT}/Manifest.lock\" > /dev/null\nif [ $? != 0 ] ; then\n    # print error to STDERR\n    echo \"error: The sandbox is not in sync with the Podfile.lock. Run 'pod install' or update your CocoaPods installation.\" >&2\n    exit 1\nfi\n# This output is used by Xcode 'outputs' to avoid re-running this script phase.\necho \"SUCCESS\" > \"${SCRIPT_OUTPUT_FILE_0}\"\n";
			showEnvVarsInLog = 0;
		};
/* End PBXShellScriptBuildPhase section */

/* Begin PBXSourcesBuildPhase section */
		110FB7F722EFDF980066CD3B /* Sources */ = {
			isa = PBXSourcesBuildPhase;
			buildActionMask = 2147483647;
			files = (
				117855F42306AB2800479305 /* EmbeddedSectionController.m in Sources */,
				1100183323056DE200FCD4D5 /* LoadMoreFooterCell.m in Sources */,
				117855C42306447900479305 /* SearchViewController.m in Sources */,
				117855D823069DF600479305 /* User.m in Sources */,
				117855EE2306AA1F00479305 /* HorizontalSectionController.m in Sources */,
				117855F12306AB1200479305 /* EmbeddedCollectionViewCell.m in Sources */,
				117855EB2306A99F00479305 /* NestedAdapterViewController.m in Sources */,
				11768BE023026E9D00E1107C /* DemoSectionModel.m in Sources */,
				117855FB2306AFCF00479305 /* RemoveSectionController.m in Sources */,
				112E7DB523040C0600E47B54 /* BaseCollectionViewController.m in Sources */,
				117855D223069B1800479305 /* MixedDataViewController.m in Sources */,
				117855C7230646D500479305 /* SearchSectionCotroller.m in Sources */,
				112E7DBF2304132D00E47B54 /* DemoCell.m in Sources */,
				112E7DB02303F31900E47B54 /* DemoSectionController.m in Sources */,
				117855DE2306A1DB00479305 /* GridSectionController.m in Sources */,
				1100182D2305669D00FCD4D5 /* LabelSectionController.m in Sources */,
				117855E12306A1E300479305 /* UserSectionController.m in Sources */,
				117855E72306A42B00479305 /* DetailLabelCell.m in Sources */,
				1100183023056D1600FCD4D5 /* LoadMoreFooterSectionController.m in Sources */,
				117855F82306AF4600479305 /* EmptyViewController.m in Sources */,
				11001836230570C200FCD4D5 /* NSArray+Number.m in Sources */,
				112E7DBB23040EDC00E47B54 /* LoadMoreViewController.m in Sources */,
				11768BDA2302640600E1107C /* DemoMainViewController.m in Sources */,
				117855D523069DCE00479305 /* GridItem.m in Sources */,
				117855E42306A34B00479305 /* CenterLabelCell.m in Sources */,
				117855FE2306B00B00479305 /* RemoveCell.m in Sources */,
				117855CA230647AE00479305 /* SearchCell.m in Sources */,
				117855DB2306A1CC00479305 /* ExpandableSectionController.m in Sources */,
				117856022306B44A00479305 /* SingleSectionViewController.m in Sources */,
				117856072306B4BF00479305 /* NibCell.m in Sources */,
				110FB80E22EFDF9A0066CD3B /* main.m in Sources */,
				110FB80022EFDF980066CD3B /* AppDelegate.m in Sources */,
			);
			runOnlyForDeploymentPostprocessing = 0;
		};
		110FB80F22EFDF9A0066CD3B /* Sources */ = {
			isa = PBXSourcesBuildPhase;
			buildActionMask = 2147483647;
			files = (
				110FB81822EFDF9A0066CD3B /* IGlistKitTestDemoTests.m in Sources */,
			);
			runOnlyForDeploymentPostprocessing = 0;
		};
		110FB81A22EFDF9A0066CD3B /* Sources */ = {
			isa = PBXSourcesBuildPhase;
			buildActionMask = 2147483647;
			files = (
				110FB82322EFDF9A0066CD3B /* IGlistKitTestDemoUITests.m in Sources */,
			);
			runOnlyForDeploymentPostprocessing = 0;
		};
/* End PBXSourcesBuildPhase section */

/* Begin PBXTargetDependency section */
		110FB81522EFDF9A0066CD3B /* PBXTargetDependency */ = {
			isa = PBXTargetDependency;
			target = 110FB7FA22EFDF980066CD3B /* IGlistKitTestDemo */;
			targetProxy = 110FB81422EFDF9A0066CD3B /* PBXContainerItemProxy */;
		};
		110FB82022EFDF9A0066CD3B /* PBXTargetDependency */ = {
			isa = PBXTargetDependency;
			target = 110FB7FA22EFDF980066CD3B /* IGlistKitTestDemo */;
			targetProxy = 110FB81F22EFDF9A0066CD3B /* PBXContainerItemProxy */;
		};
/* End PBXTargetDependency section */

/* Begin PBXVariantGroup section */
		110FB80422EFDF980066CD3B /* Main.storyboard */ = {
			isa = PBXVariantGroup;
			children = (
				110FB80522EFDF980066CD3B /* Base */,
			);
			name = Main.storyboard;
			sourceTree = "<group>";
		};
		110FB80922EFDF9A0066CD3B /* LaunchScreen.storyboard */ = {
			isa = PBXVariantGroup;
			children = (
				110FB80A22EFDF9A0066CD3B /* Base */,
			);
			name = LaunchScreen.storyboard;
			sourceTree = "<group>";
		};
/* End PBXVariantGroup section */

/* Begin XCBuildConfiguration section */
		110FB82522EFDF9A0066CD3B /* Debug */ = {
			isa = XCBuildConfiguration;
			buildSettings = {
				ALWAYS_SEARCH_USER_PATHS = NO;
				CLANG_ANALYZER_NONNULL = YES;
				CLANG_ANALYZER_NUMBER_OBJECT_CONVERSION = YES_AGGRESSIVE;
				CLANG_CXX_LANGUAGE_STANDARD = "gnu++14";
				CLANG_CXX_LIBRARY = "libc++";
				CLANG_ENABLE_MODULES = YES;
				CLANG_ENABLE_OBJC_ARC = YES;
				CLANG_ENABLE_OBJC_WEAK = YES;
				CLANG_WARN_BLOCK_CAPTURE_AUTORELEASING = YES;
				CLANG_WARN_BOOL_CONVERSION = YES;
				CLANG_WARN_COMMA = YES;
				CLANG_WARN_CONSTANT_CONVERSION = YES;
				CLANG_WARN_DEPRECATED_OBJC_IMPLEMENTATIONS = YES;
				CLANG_WARN_DIRECT_OBJC_ISA_USAGE = YES_ERROR;
				CLANG_WARN_DOCUMENTATION_COMMENTS = YES;
				CLANG_WARN_EMPTY_BODY = YES;
				CLANG_WARN_ENUM_CONVERSION = YES;
				CLANG_WARN_INFINITE_RECURSION = YES;
				CLANG_WARN_INT_CONVERSION = YES;
				CLANG_WARN_NON_LITERAL_NULL_CONVERSION = YES;
				CLANG_WARN_OBJC_IMPLICIT_RETAIN_SELF = YES;
				CLANG_WARN_OBJC_LITERAL_CONVERSION = YES;
				CLANG_WARN_OBJC_ROOT_CLASS = YES_ERROR;
				CLANG_WARN_RANGE_LOOP_ANALYSIS = YES;
				CLANG_WARN_STRICT_PROTOTYPES = YES;
				CLANG_WARN_SUSPICIOUS_MOVE = YES;
				CLANG_WARN_UNGUARDED_AVAILABILITY = YES_AGGRESSIVE;
				CLANG_WARN_UNREACHABLE_CODE = YES;
				CLANG_WARN__DUPLICATE_METHOD_MATCH = YES;
				CODE_SIGN_IDENTITY = "iPhone Developer";
				COPY_PHASE_STRIP = NO;
				DEBUG_INFORMATION_FORMAT = dwarf;
				ENABLE_STRICT_OBJC_MSGSEND = YES;
				ENABLE_TESTABILITY = YES;
				GCC_C_LANGUAGE_STANDARD = gnu11;
				GCC_DYNAMIC_NO_PIC = NO;
				GCC_NO_COMMON_BLOCKS = YES;
				GCC_OPTIMIZATION_LEVEL = 0;
				GCC_PREPROCESSOR_DEFINITIONS = (
					"DEBUG=1",
					"$(inherited)",
				);
				GCC_WARN_64_TO_32_BIT_CONVERSION = YES;
				GCC_WARN_ABOUT_RETURN_TYPE = YES_ERROR;
				GCC_WARN_UNDECLARED_SELECTOR = YES;
				GCC_WARN_UNINITIALIZED_AUTOS = YES_AGGRESSIVE;
				GCC_WARN_UNUSED_FUNCTION = YES;
				GCC_WARN_UNUSED_VARIABLE = YES;
				IPHONEOS_DEPLOYMENT_TARGET = 12.2;
				MTL_ENABLE_DEBUG_INFO = INCLUDE_SOURCE;
				MTL_FAST_MATH = YES;
				ONLY_ACTIVE_ARCH = YES;
				SDKROOT = iphoneos;
			};
			name = Debug;
		};
		110FB82622EFDF9A0066CD3B /* Release */ = {
			isa = XCBuildConfiguration;
			buildSettings = {
				ALWAYS_SEARCH_USER_PATHS = NO;
				CLANG_ANALYZER_NONNULL = YES;
				CLANG_ANALYZER_NUMBER_OBJECT_CONVERSION = YES_AGGRESSIVE;
				CLANG_CXX_LANGUAGE_STANDARD = "gnu++14";
				CLANG_CXX_LIBRARY = "libc++";
				CLANG_ENABLE_MODULES = YES;
				CLANG_ENABLE_OBJC_ARC = YES;
				CLANG_ENABLE_OBJC_WEAK = YES;
				CLANG_WARN_BLOCK_CAPTURE_AUTORELEASING = YES;
				CLANG_WARN_BOOL_CONVERSION = YES;
				CLANG_WARN_COMMA = YES;
				CLANG_WARN_CONSTANT_CONVERSION = YES;
				CLANG_WARN_DEPRECATED_OBJC_IMPLEMENTATIONS = YES;
				CLANG_WARN_DIRECT_OBJC_ISA_USAGE = YES_ERROR;
				CLANG_WARN_DOCUMENTATION_COMMENTS = YES;
				CLANG_WARN_EMPTY_BODY = YES;
				CLANG_WARN_ENUM_CONVERSION = YES;
				CLANG_WARN_INFINITE_RECURSION = YES;
				CLANG_WARN_INT_CONVERSION = YES;
				CLANG_WARN_NON_LITERAL_NULL_CONVERSION = YES;
				CLANG_WARN_OBJC_IMPLICIT_RETAIN_SELF = YES;
				CLANG_WARN_OBJC_LITERAL_CONVERSION = YES;
				CLANG_WARN_OBJC_ROOT_CLASS = YES_ERROR;
				CLANG_WARN_RANGE_LOOP_ANALYSIS = YES;
				CLANG_WARN_STRICT_PROTOTYPES = YES;
				CLANG_WARN_SUSPICIOUS_MOVE = YES;
				CLANG_WARN_UNGUARDED_AVAILABILITY = YES_AGGRESSIVE;
				CLANG_WARN_UNREACHABLE_CODE = YES;
				CLANG_WARN__DUPLICATE_METHOD_MATCH = YES;
				CODE_SIGN_IDENTITY = "iPhone Developer";
				COPY_PHASE_STRIP = NO;
				DEBUG_INFORMATION_FORMAT = "dwarf-with-dsym";
				ENABLE_NS_ASSERTIONS = NO;
				ENABLE_STRICT_OBJC_MSGSEND = YES;
				GCC_C_LANGUAGE_STANDARD = gnu11;
				GCC_NO_COMMON_BLOCKS = YES;
				GCC_WARN_64_TO_32_BIT_CONVERSION = YES;
				GCC_WARN_ABOUT_RETURN_TYPE = YES_ERROR;
				GCC_WARN_UNDECLARED_SELECTOR = YES;
				GCC_WARN_UNINITIALIZED_AUTOS = YES_AGGRESSIVE;
				GCC_WARN_UNUSED_FUNCTION = YES;
				GCC_WARN_UNUSED_VARIABLE = YES;
				IPHONEOS_DEPLOYMENT_TARGET = 12.2;
				MTL_ENABLE_DEBUG_INFO = NO;
				MTL_FAST_MATH = YES;
				SDKROOT = iphoneos;
				VALIDATE_PRODUCT = YES;
			};
			name = Release;
		};
		110FB82822EFDF9A0066CD3B /* Debug */ = {
			isa = XCBuildConfiguration;
			baseConfigurationReference = D9688FB3679397D20BFE65E1 /* Pods-IGlistKitTestDemo.debug.xcconfig */;
			buildSettings = {
				ASSETCATALOG_COMPILER_APPICON_NAME = AppIcon;
				CODE_SIGN_STYLE = Automatic;
				INFOPLIST_FILE = IGlistKitTestDemo/Info.plist;
				LD_RUNPATH_SEARCH_PATHS = (
					"$(inherited)",
					"@executable_path/Frameworks",
				);
				PRODUCT_BUNDLE_IDENTIFIER = com.jiayuan.IGlistKitTestDemo;
				PRODUCT_NAME = "$(TARGET_NAME)";
				TARGETED_DEVICE_FAMILY = "1,2";
			};
			name = Debug;
		};
		110FB82922EFDF9A0066CD3B /* Release */ = {
			isa = XCBuildConfiguration;
			baseConfigurationReference = EA50CECEF36DE3BDC2BE84A9 /* Pods-IGlistKitTestDemo.release.xcconfig */;
			buildSettings = {
				ASSETCATALOG_COMPILER_APPICON_NAME = AppIcon;
				CODE_SIGN_STYLE = Automatic;
				INFOPLIST_FILE = IGlistKitTestDemo/Info.plist;
				LD_RUNPATH_SEARCH_PATHS = (
					"$(inherited)",
					"@executable_path/Frameworks",
				);
				PRODUCT_BUNDLE_IDENTIFIER = com.jiayuan.IGlistKitTestDemo;
				PRODUCT_NAME = "$(TARGET_NAME)";
				TARGETED_DEVICE_FAMILY = "1,2";
			};
			name = Release;
		};
		110FB82B22EFDF9A0066CD3B /* Debug */ = {
			isa = XCBuildConfiguration;
			buildSettings = {
				BUNDLE_LOADER = "$(TEST_HOST)";
				CODE_SIGN_STYLE = Automatic;
				INFOPLIST_FILE = IGlistKitTestDemoTests/Info.plist;
				LD_RUNPATH_SEARCH_PATHS = (
					"$(inherited)",
					"@executable_path/Frameworks",
					"@loader_path/Frameworks",
				);
				PRODUCT_BUNDLE_IDENTIFIER = com.jiayuan.IGlistKitTestDemoTests;
				PRODUCT_NAME = "$(TARGET_NAME)";
				TARGETED_DEVICE_FAMILY = "1,2";
				TEST_HOST = "$(BUILT_PRODUCTS_DIR)/IGlistKitTestDemo.app/IGlistKitTestDemo";
			};
			name = Debug;
		};
		110FB82C22EFDF9A0066CD3B /* Release */ = {
			isa = XCBuildConfiguration;
			buildSettings = {
				BUNDLE_LOADER = "$(TEST_HOST)";
				CODE_SIGN_STYLE = Automatic;
				INFOPLIST_FILE = IGlistKitTestDemoTests/Info.plist;
				LD_RUNPATH_SEARCH_PATHS = (
					"$(inherited)",
					"@executable_path/Frameworks",
					"@loader_path/Frameworks",
				);
				PRODUCT_BUNDLE_IDENTIFIER = com.jiayuan.IGlistKitTestDemoTests;
				PRODUCT_NAME = "$(TARGET_NAME)";
				TARGETED_DEVICE_FAMILY = "1,2";
				TEST_HOST = "$(BUILT_PRODUCTS_DIR)/IGlistKitTestDemo.app/IGlistKitTestDemo";
			};
			name = Release;
		};
		110FB82E22EFDF9A0066CD3B /* Debug */ = {
			isa = XCBuildConfiguration;
			buildSettings = {
				CODE_SIGN_STYLE = Automatic;
				INFOPLIST_FILE = IGlistKitTestDemoUITests/Info.plist;
				LD_RUNPATH_SEARCH_PATHS = (
					"$(inherited)",
					"@executable_path/Frameworks",
					"@loader_path/Frameworks",
				);
				PRODUCT_BUNDLE_IDENTIFIER = com.jiayuan.IGlistKitTestDemoUITests;
				PRODUCT_NAME = "$(TARGET_NAME)";
				TARGETED_DEVICE_FAMILY = "1,2";
				TEST_TARGET_NAME = IGlistKitTestDemo;
			};
			name = Debug;
		};
		110FB82F22EFDF9A0066CD3B /* Release */ = {
			isa = XCBuildConfiguration;
			buildSettings = {
				CODE_SIGN_STYLE = Automatic;
				INFOPLIST_FILE = IGlistKitTestDemoUITests/Info.plist;
				LD_RUNPATH_SEARCH_PATHS = (
					"$(inherited)",
					"@executable_path/Frameworks",
					"@loader_path/Frameworks",
				);
				PRODUCT_BUNDLE_IDENTIFIER = com.jiayuan.IGlistKitTestDemoUITests;
				PRODUCT_NAME = "$(TARGET_NAME)";
				TARGETED_DEVICE_FAMILY = "1,2";
				TEST_TARGET_NAME = IGlistKitTestDemo;
			};
			name = Release;
		};
/* End XCBuildConfiguration section */

/* Begin XCConfigurationList section */
		110FB7F622EFDF980066CD3B /* Build configuration list for PBXProject "IGlistKitTestDemo" */ = {
			isa = XCConfigurationList;
			buildConfigurations = (
				110FB82522EFDF9A0066CD3B /* Debug */,
				110FB82622EFDF9A0066CD3B /* Release */,
			);
			defaultConfigurationIsVisible = 0;
			defaultConfigurationName = Release;
		};
		110FB82722EFDF9A0066CD3B /* Build configuration list for PBXNativeTarget "IGlistKitTestDemo" */ = {
			isa = XCConfigurationList;
			buildConfigurations = (
				110FB82822EFDF9A0066CD3B /* Debug */,
				110FB82922EFDF9A0066CD3B /* Release */,
			);
			defaultConfigurationIsVisible = 0;
			defaultConfigurationName = Release;
		};
		110FB82A22EFDF9A0066CD3B /* Build configuration list for PBXNativeTarget "IGlistKitTestDemoTests" */ = {
			isa = XCConfigurationList;
			buildConfigurations = (
				110FB82B22EFDF9A0066CD3B /* Debug */,
				110FB82C22EFDF9A0066CD3B /* Release */,
			);
			defaultConfigurationIsVisible = 0;
			defaultConfigurationName = Release;
		};
		110FB82D22EFDF9A0066CD3B /* Build configuration list for PBXNativeTarget "IGlistKitTestDemoUITests" */ = {
			isa = XCConfigurationList;
			buildConfigurations = (
				110FB82E22EFDF9A0066CD3B /* Debug */,
				110FB82F22EFDF9A0066CD3B /* Release */,
			);
			defaultConfigurationIsVisible = 0;
			defaultConfigurationName = Release;
		};
/* End XCConfigurationList section */
	};
	rootObject = 110FB7F322EFDF980066CD3B /* Project object */;
}
