// !$*UTF8*$!
{
	archiveVersion = 1;
	classes = {
	};
	objectVersion = 50;
	objects = {

/* Begin PBXBuildFile section */
		110FB80022EFDF980066CD3B /* AppDelegate.m in Sources */ = {isa = PBXBuildFile; fileRef = 110FB7FF22EFDF980066CD3B /* AppDelegate.m */; };
		110FB80622EFDF980066CD3B /* Main.storyboard in Resources */ = {isa = PBXBuildFile; fileRef = 110FB80422EFDF980066CD3B /* Main.storyboard */; };
		110FB80822EFDF9A0066CD3B /* Assets.xcassets in Resources */ = {isa = PBXBuildFile; fileRef = 110FB80722EFDF9A0066CD3B /* Assets.xcassets */; };
		110FB80B22EFDF9A0066CD3B /* LaunchScreen.storyboard in Resources */ = {isa = PBXBuildFile; fileRef = 110FB80922EFDF9A0066CD3B /* LaunchScreen.storyboard */; };
		110FB80E22EFDF9A0066CD3B /* main.m in Sources */ = {isa = PBXBuildFile; fileRef = 110FB80D22EFDF9A0066CD3B /* main.m */; };
		110FB81822EFDF9A0066CD3B /* IGlistKitTestDemoTests.m in Sources */ = {isa = PBXBuildFile; fileRef = 110FB81722EFDF9A0066CD3B /* IGlistKitTestDemoTests.m */; };
		110FB82322EFDF9A0066CD3B /* IGlistKitTestDemoUITests.m in Sources */ = {isa = PBXBuildFile; fileRef = 110FB82222EFDF9A0066CD3B /* IGlistKitTestDemoUITests.m */; };
		11768BDA2302640600E1107C /* DemoMainViewController.m in Sources */ = {isa = PBXBuildFile; fileRef = 11768BD92302640600E1107C /* DemoMainViewController.m */; };
		11768BE023026E9D00E1107C /* DemoSectionModel.m in Sources */ = {isa = PBXBuildFile; fileRef = 11768BDF23026E9D00E1107C /* DemoSectionModel.m */; };
		89EA30555AA50E4159248F63 /* libPods-IGlistKitTestDemo.a in Frameworks */ = {isa = PBXBuildFile; fileRef = 204389AF321AE08D99A8715F /* libPods-IGlistKitTestDemo.a */; };
/* End PBXBuildFile section */

/* Begin PBXContainerItemProxy section */
		110FB81422EFDF9A0066CD3B /* PBXContainerItemProxy */ = {
			isa = PBXContainerItemProxy;
			containerPortal = 110FB7F322EFDF980066CD3B /* Project object */;
			proxyType = 1;
			remoteGlobalIDString = 110FB7FA22EFDF980066CD3B;
			remoteInfo = IGlistKitTestDemo;
		};
		110FB81F22EFDF9A0066CD3B /* PBXContainerItemProxy */ = {
			isa = PBXContainerItemProxy;
			containerPortal = 110FB7F322EFDF980066CD3B /* Project object */;
			proxyType = 1;
			remoteGlobalIDString = 110FB7FA22EFDF980066CD3B;
			remoteInfo = IGlistKitTestDemo;
		};
/* End PBXContainerItemProxy section */

/* Begin PBXFileReference section */
		110FB7FB22EFDF980066CD3B /* IGlistKitTestDemo.app */ = {isa = PBXFileReference; explicitFileType = wrapper.application; includeInIndex = 0; path = IGlistKitTestDemo.app; sourceTree = BUILT_PRODUCTS_DIR; };
		110FB7FE22EFDF980066CD3B /* AppDelegate.h */ = {isa = PBXFileReference; lastKnownFileType = sourcecode.c.h; path = AppDelegate.h; sourceTree = "<group>"; };
		110FB7FF22EFDF980066CD3B /* AppDelegate.m */ = {isa = PBXFileReference; lastKnownFileType = sourcecode.c.objc; path = AppDelegate.m; sourceTree = "<group>"; };
		110FB80522EFDF980066CD3B /* Base */ = {isa = PBXFileReference; lastKnownFileType = file.storyboard; name = Base; path = Base.lproj/Main.storyboard; sourceTree = "<group>"; };
		110FB80722EFDF9A0066CD3B /* Assets.xcassets */ = {isa = PBXFileReference; lastKnownFileType = folder.assetcatalog; path = Assets.xcassets; sourceTree = "<group>"; };
		110FB80A22EFDF9A0066CD3B /* Base */ = {isa = PBXFileReference; lastKnownFileType = file.storyboard; name = Base; path = Base.lproj/LaunchScreen.storyboard; sourceTree = "<group>"; };
		110FB80C22EFDF9A0066CD3B /* Info.plist */ = {isa = PBXFileReference; lastKnownFileType = text.plist.xml; path = Info.plist; sourceTree = "<group>"; };
		110FB80D22EFDF9A0066CD3B /* main.m */ = {isa = PBXFileReference; lastKnownFileType = sourcecode.c.objc; path = main.m; sourceTree = "<group>"; };
		110FB81322EFDF9A0066CD3B /* IGlistKitTestDemoTests.xctest */ = {isa = PBXFileReference; explicitFileType = wrapper.cfbundle; includeInIndex = 0; path = IGlistKitTestDemoTests.xctest; sourceTree = BUILT_PRODUCTS_DIR; };
		110FB81722EFDF9A0066CD3B /* IGlistKitTestDemoTests.m */ = {isa = PBXFileReference; lastKnownFileType = sourcecode.c.objc; path = IGlistKitTestDemoTests.m; sourceTree = "<group>"; };
		110FB81922EFDF9A0066CD3B /* Info.plist */ = {isa = PBXFileReference; lastKnownFileType = text.plist.xml; path = Info.plist; sourceTree = "<group>"; };
		110FB81E22EFDF9A0066CD3B /* IGlistKitTestDemoUITests.xctest */ = {isa = PBXFileReference; explicitFileType = wrapper.cfbundle; includeInIndex = 0; path = IGlistKitTestDemoUITests.xctest; sourceTree = BUILT_PRODUCTS_DIR; };
		110FB82222EFDF9A0066CD3B /* IGlistKitTestDemoUITests.m */ = {isa = PBXFileReference; lastKnownFileType = sourcecode.c.objc; path = IGlistKitTestDemoUITests.m; sourceTree = "<group>"; };
		110FB82422EFDF9A0066CD3B /* Info.plist */ = {isa = PBXFileReference; lastKnownFileType = text.plist.xml; path = Info.plist; sourceTree = "<group>"; };
		11768BD82302640600E1107C /* DemoMainViewController.h */ = {isa = PBXFileReference; lastKnownFileType = sourcecode.c.h; path = DemoMainViewController.h; sourceTree = "<group>"; };
		11768BD92302640600E1107C /* DemoMainViewController.m */ = {isa = PBXFileReference; lastKnownFileType = sourcecode.c.objc; path = DemoMainViewController.m; sourceTree = "<group>"; };
		11768BDE23026E9D00E1107C /* DemoSectionModel.h */ = {isa = PBXFileReference; lastKnownFileType = sourcecode.c.h; path = DemoSectionModel.h; sourceTree = "<group>"; };
		11768BDF23026E9D00E1107C /* DemoSectionModel.m */ = {isa = PBXFileReference; lastKnownFileType = sourcecode.c.objc; path = DemoSectionModel.m; sourceTree = "<group>"; };
		204389AF321AE08D99A8715F /* libPods-IGlistKitTestDemo.a */ = {isa = PBXFileReference; explicitFileType = archive.ar; includeInIndex = 0; path = "libPods-IGlistKitTestDemo.a"; sourceTree = BUILT_PRODUCTS_DIR; };
		D9688FB3679397D20BFE65E1 /* Pods-IGlistKitTestDemo.debug.xcconfig */ = {isa = PBXFileReference; includeInIndex = 1; lastKnownFileType = text.xcconfig; name = "Pods-IGlistKitTestDemo.debug.xcconfig"; path = "Target Support Files/Pods-IGlistKitTestDemo/Pods-IGlistKitTestDemo.debug.xcconfig"; sourceTree = "<group>"; };
		EA50CECEF36DE3BDC2BE84A9 /* Pods-IGlistKitTestDemo.release.xcconfig */ = {isa = PBXFileReference; includeInIndex = 1; lastKnownFileType = text.xcconfig; name = "Pods-IGlistKitTestDemo.release.xcconfig"; path = "Target Support Files/Pods-IGlistKitTestDemo/Pods-IGlistKitTestDemo.release.xcconfig"; sourceTree = "<group>"; };
/* End PBXFileReference section */

/* Begin PBXFrameworksBuildPhase section */
		110FB7F822EFDF980066CD3B /* Frameworks */ = {
			isa = PBXFrameworksBuildPhase;
			buildActionMask = 2147483647;
			files = (
				89EA30555AA50E4159248F63 /* libPods-IGlistKitTestDemo.a in Frameworks */,
			);
			runOnlyForDeploymentPostprocessing = 0;
		};
		110FB81022EFDF9A0066CD3B /* Frameworks */ = {
			isa = PBXFrameworksBuildPhase;
			buildActionMask = 2147483647;
			files = (
			);
			runOnlyForDeploymentPostprocessing = 0;
		};
		110FB81B22EFDF9A0066CD3B /* Frameworks */ = {
			isa = PBXFrameworksBuildPhase;
			buildActionMask = 2147483647;
			files = (
			);
			runOnlyForDeploymentPostprocessing = 0;
		};
/* End PBXFrameworksBuildPhase section */

/* Begin PBXGroup section */
		110FB7F222EFDF980066CD3B = {
			isa = PBXGroup;
			children = (
				110FB7FD22EFDF980066CD3B /* IGlistKitTestDemo */,
				110FB81622EFDF9A0066CD3B /* IGlistKitTestDemoTests */,
				110FB82122EFDF9A0066CD3B /* IGlistKitTestDemoUITests */,
				110FB7FC22EFDF980066CD3B /* Products */,
				84D8E9D15AD44E652E404527 /* Pods */,
				9E89B6EE8B1B7FE7EC5D5C9C /* Frameworks */,
			);
			sourceTree = "<group>";
		};
		110FB7FC22EFDF980066CD3B /* Products */ = {
			isa = PBXGroup;
			children = (
				110FB7FB22EFDF980066CD3B /* IGlistKitTestDemo.app */,
				110FB81322EFDF9A0066CD3B /* IGlistKitTestDemoTests.xctest */,
				110FB81E22EFDF9A0066CD3B /* IGlistKitTestDemoUITests.xctest */,
			);
			name = Products;
			sourceTree = "<group>";
		};
		110FB7FD22EFDF980066CD3B /* IGlistKitTestDemo */ = {
			isa = PBXGroup;
			children = (
				110FB7FE22EFDF980066CD3B /* AppDelegate.h */,
				110FB7FF22EFDF980066CD3B /* AppDelegate.m */,
				11768BD82302640600E1107C /* DemoMainViewController.h */,
				11768BD92302640600E1107C /* DemoMainViewController.m */,
				11768BDE23026E9D00E1107C /* DemoSectionModel.h */,
				11768BDF23026E9D00E1107C /* DemoSectionModel.m */,
				110FB80422EFDF980066CD3B /* Main.storyboard */,
				110FB80722EFDF9A0066CD3B /* Assets.xcassets */,
				110FB80922EFDF9A0066CD3B /* LaunchScreen.storyboard */,
				110FB80C22EFDF9A0066CD3B /* Info.plist */,
				110FB80D22EFDF9A0066CD3B /* main.m */,
			);
			path = IGlistKitTestDemo;
			sourceTree = "<group>";
		};
		110FB81622EFDF9A0066CD3B /* IGlistKitTestDemoTests */ = {
			isa = PBXGroup;
			children = (
				110FB81722EFDF9A0066CD3B /* IGlistKitTestDemoTests.m */,
				110FB81922EFDF9A0066CD3B /* Info.plist */,
			);
			path = IGlistKitTestDemoTests;
			sourceTree = "<group>";
		};
		110FB82122EFDF9A0066CD3B /* IGlistKitTestDemoUITests */ = {
			isa = PBXGroup;
			children = (
				110FB82222EFDF9A0066CD3B /* IGlistKitTestDemoUITests.m */,
				110FB82422EFDF9A0066CD3B /* Info.plist */,
			);
			path = IGlistKitTestDemoUITests;
			sourceTree = "<group>";
		};
		84D8E9D15AD44E652E404527 /* Pods */ = {
			isa = PBXGroup;
			children = (
				D9688FB3679397D20BFE65E1 /* Pods-IGlistKitTestDemo.debug.xcconfig */,
				EA50CECEF36DE3BDC2BE84A9 /* Pods-IGlistKitTestDemo.release.xcconfig */,
			);
			path = Pods;
			sourceTree = "<group>";
		};
		9E89B6EE8B1B7FE7EC5D5C9C /* Frameworks */ = {
			isa = PBXGroup;
			children = (
				204389AF321AE08D99A8715F /* libPods-IGlistKitTestDemo.a */,
			);
			name = Frameworks;
			sourceTree = "<group>";
		};
/* End PBXGroup section */

/* Begin PBXNativeTarget section */
		110FB7FA22EFDF980066CD3B /* IGlistKitTestDemo */ = {
			isa = PBXNativeTarget;
			buildConfigurationList = 110FB82722EFDF9A0066CD3B /* Build configuration list for PBXNativeTarget "IGlistKitTestDemo" */;
			buildPhases = (
				029717C6CE445326F1E870F6 /* [CP] Check Pods Manifest.lock */,
				110FB7F722EFDF980066CD3B /* Sources */,
				110FB7F822EFDF980066CD3B /* Frameworks */,
				110FB7F922EFDF980066CD3B /* Resources */,
			);
			buildRules = (
			);
			dependencies = (
			);
			name = IGlistKitTestDemo;
			productName = IGlistKitTestDemo;
			productReference = 110FB7FB22EFDF980066CD3B /* IGlistKitTestDemo.app */;
			productType = "com.apple.product-type.application";
		};
		110FB81222EFDF9A0066CD3B /* IGlistKitTestDemoTests */ = {
			isa = PBXNativeTarget;
			buildConfigurationList = 110FB82A22EFDF9A0066CD3B /* Build configuration list for PBXNativeTarget "IGlistKitTestDemoTests" */;
			buildPhases = (
				110FB80F22EFDF9A0066CD3B /* Sources */,
				110FB81022EFDF9A0066CD3B /* Frameworks */,
				110FB81122EFDF9A0066CD3B /* Resources */,
			);
			buildRules = (
			);
			dependencies = (
				110FB81522EFDF9A0066CD3B /* PBXTargetDependency */,
			);
			name = IGlistKitTestDemoTests;
			productName = IGlistKitTestDemoTests;
			productReference = 110FB81322EFDF9A0066CD3B /* IGlistKitTestDemoTests.xctest */;
			productType = "com.apple.product-type.bundle.unit-test";
		};
		110FB81D22EFDF9A0066CD3B /* IGlistKitTestDemoUITests */ = {
			isa = PBXNativeTarget;
			buildConfigurationList = 110FB82D22EFDF9A0066CD3B /* Build configuration list for PBXNativeTarget "IGlistKitTestDemoUITests" */;
			buildPhases = (
				110FB81A22EFDF9A0066CD3B /* Sources */,
				110FB81B22EFDF9A0066CD3B /* Frameworks */,
				110FB81C22EFDF9A0066CD3B /* Resources */,
			);
			buildRules = (
			);
			dependencies = (
				110FB82022EFDF9A0066CD3B /* PBXTargetDependency */,
			);
			name = IGlistKitTestDemoUITests;
			productName = IGlistKitTestDemoUITests;
			productReference = 110FB81E22EFDF9A0066CD3B /* IGlistKitTestDemoUITests.xctest */;
			productType = "com.apple.product-type.bundle.ui-testing";
		};
/* End PBXNativeTarget section */

/* Begin PBXProject section */
		110FB7F322EFDF980066CD3B /* Project object */ = {
			isa = PBXProject;
			attributes = {
				LastUpgradeCheck = 1020;
				ORGANIZATIONNAME = "世纪佳缘";
				TargetAttributes = {
					110FB7FA22EFDF980066CD3B = {
						CreatedOnToolsVersion = 10.2.1;
					};
					110FB81222EFDF9A0066CD3B = {
						CreatedOnToolsVersion = 10.2.1;
						TestTargetID = 110FB7FA22EFDF980066CD3B;
					};
					110FB81D22EFDF9A0066CD3B = {
						CreatedOnToolsVersion = 10.2.1;
						TestTargetID = 110FB7FA22EFDF980066CD3B;
					};
				};
			};
			buildConfigurationList = 110FB7F622EFDF980066CD3B /* Build configuration list for PBXProject "IGlistKitTestDemo" */;
			compatibilityVersion = "Xcode 9.3";
			developmentRegion = en;
			hasScannedForEncodings = 0;
			knownRegions = (
				en,
				Base,
			);
			mainGroup = 110FB7F222EFDF980066CD3B;
			productRefGroup = 110FB7FC22EFDF980066CD3B /* Products */;
			projectDirPath = "";
			projectRoot = "";
			targets = (
				110FB7FA22EFDF980066CD3B /* IGlistKitTestDemo */,
				110FB81222EFDF9A0066CD3B /* IGlistKitTestDemoTests */,
				110FB81D22EFDF9A0066CD3B /* IGlistKitTestDemoUITests */,
			);
		};
/* End PBXProject section */

/* Begin PBXResourcesBuildPhase section */
		110FB7F922EFDF980066CD3B /* Resources */ = {
			isa = PBXResourcesBuildPhase;
			buildActionMask = 2147483647;
			files = (
				110FB80B22EFDF9A0066CD3B /* LaunchScreen.storyboard in Resources */,
				110FB80822EFDF9A0066CD3B /* Assets.xcassets in Resources */,
				110FB80622EFDF980066CD3B /* Main.storyboard in Resources */,
			);
			runOnlyForDeploymentPostprocessing = 0;
		};
		110FB81122EFDF9A0066CD3B /* Resources */ = {
			isa = PBXResourcesBuildPhase;
			buildActionMask = 2147483647;
			files = (
			);
			runOnlyForDeploymentPostprocessing = 0;
		};
		110FB81C22EFDF9A0066CD3B /* Resources */ = {
			isa = PBXResourcesBuildPhase;
			buildActionMask = 2147483647;
			files = (
			);
			runOnlyForDeploymentPostprocessing = 0;
		};
/* End PBXResourcesBuildPhase section */

/* Begin PBXShellScriptBuildPhase section */
		029717C6CE445326F1E870F6 /* [CP] Check Pods Manifest.lock */ = {
			isa = PBXShellScriptBuildPhase;
			buildActionMask = 2147483647;
			files = (
			);
			inputFileListPaths = (
			);
			inputPaths = (
				"${PODS_PODFILE_DIR_PATH}/Podfile.lock",
				"${PODS_ROOT}/Manifest.lock",
			);
			name = "[CP] Check Pods Manifest.lock";
			outputFileListPaths = (
			);
			outputPaths = (
				"$(DERIVED_FILE_DIR)/Pods-IGlistKitTestDemo-checkManifestLockResult.txt",
			);
			runOnlyForDeploymentPostprocessing = 0;
			shellPath = /bin/sh;
			shellScript = "diff \"${PODS_PODFILE_DIR_PATH}/Podfile.lock\" \"${PODS_ROOT}/Manifest.lock\" > /dev/null\nif [ $? != 0 ] ; then\n    # print error to STDERR\n    echo \"error: The sandbox is not in sync with the Podfile.lock. Run 'pod install' or update your CocoaPods installation.\" >&2\n    exit 1\nfi\n# This output is used by Xcode 'outputs' to avoid re-running this script phase.\necho \"SUCCESS\" > \"${SCRIPT_OUTPUT_FILE_0}\"\n";
			showEnvVarsInLog = 0;
		};
/* End PBXShellScriptBuildPhase section */

/* Begin PBXSourcesBuildPhase section */
		110FB7F722EFDF980066CD3B /* Sources */ = {
			isa = PBXSourcesBuildPhase;
			buildActionMask = 2147483647;
			files = (
				11768BE023026E9D00E1107C /* DemoSectionModel.m in Sources */,
				11768BDA2302640600E1107C /* DemoMainViewController.m in Sources */,
				110FB80E22EFDF9A0066CD3B /* main.m in Sources */,
				110FB80022EFDF980066CD3B /* AppDelegate.m in Sources */,
			);
			runOnlyForDeploymentPostprocessing = 0;
		};
		110FB80F22EFDF9A0066CD3B /* Sources */ = {
			isa = PBXSourcesBuildPhase;
			buildActionMask = 2147483647;
			files = (
				110FB81822EFDF9A0066CD3B /* IGlistKitTestDemoTests.m in Sources */,
			);
			runOnlyForDeploymentPostprocessing = 0;
		};
		110FB81A22EFDF9A0066CD3B /* Sources */ = {
			isa = PBXSourcesBuildPhase;
			buildActionMask = 2147483647;
			files = (
				110FB82322EFDF9A0066CD3B /* IGlistKitTestDemoUITests.m in Sources */,
			);
			runOnlyForDeploymentPostprocessing = 0;
		};
/* End PBXSourcesBuildPhase section */

/* Begin PBXTargetDependency section */
		110FB81522EFDF9A0066CD3B /* PBXTargetDependency */ = {
			isa = PBXTargetDependency;
			target = 110FB7FA22EFDF980066CD3B /* IGlistKitTestDemo */;
			targetProxy = 110FB81422EFDF9A0066CD3B /* PBXContainerItemProxy */;
		};
		110FB82022EFDF9A0066CD3B /* PBXTargetDependency */ = {
			isa = PBXTargetDependency;
			target = 110FB7FA22EFDF980066CD3B /* IGlistKitTestDemo */;
			targetProxy = 110FB81F22EFDF9A0066CD3B /* PBXContainerItemProxy */;
		};
/* End PBXTargetDependency section */

/* Begin PBXVariantGroup section */
		110FB80422EFDF980066CD3B /* Main.storyboard */ = {
			isa = PBXVariantGroup;
			children = (
				110FB80522EFDF980066CD3B /* Base */,
			);
			name = Main.storyboard;
			sourceTree = "<group>";
		};
		110FB80922EFDF9A0066CD3B /* LaunchScreen.storyboard */ = {
			isa = PBXVariantGroup;
			children = (
				110FB80A22EFDF9A0066CD3B /* Base */,
			);
			name = LaunchScreen.storyboard;
			sourceTree = "<group>";
		};
/* End PBXVariantGroup section */

/* Begin XCBuildConfiguration section */
		110FB82522EFDF9A0066CD3B /* Debug */ = {
			isa = XCBuildConfiguration;
			buildSettings = {
				ALWAYS_SEARCH_USER_PATHS = NO;
				CLANG_ANALYZER_NONNULL = YES;
				CLANG_ANALYZER_NUMBER_OBJECT_CONVERSION = YES_AGGRESSIVE;
				CLANG_CXX_LANGUAGE_STANDARD = "gnu++14";
				CLANG_CXX_LIBRARY = "libc++";
				CLANG_ENABLE_MODULES = YES;
				CLANG_ENABLE_OBJC_ARC = YES;
				CLANG_ENABLE_OBJC_WEAK = YES;
				CLANG_WARN_BLOCK_CAPTURE_AUTORELEASING = YES;
				CLANG_WARN_BOOL_CONVERSION = YES;
				CLANG_WARN_COMMA = YES;
				CLANG_WARN_CONSTANT_CONVERSION = YES;
				CLANG_WARN_DEPRECATED_OBJC_IMPLEMENTATIONS = YES;
				CLANG_WARN_DIRECT_OBJC_ISA_USAGE = YES_ERROR;
				CLANG_WARN_DOCUMENTATION_COMMENTS = YES;
				CLANG_WARN_EMPTY_BODY = YES;
				CLANG_WARN_ENUM_CONVERSION = YES;
				CLANG_WARN_INFINITE_RECURSION = YES;
				CLANG_WARN_INT_CONVERSION = YES;
				CLANG_WARN_NON_LITERAL_NULL_CONVERSION = YES;
				CLANG_WARN_OBJC_IMPLICIT_RETAIN_SELF = YES;
				CLANG_WARN_OBJC_LITERAL_CONVERSION = YES;
				CLANG_WARN_OBJC_ROOT_CLASS = YES_ERROR;
				CLANG_WARN_RANGE_LOOP_ANALYSIS = YES;
				CLANG_WARN_STRICT_PROTOTYPES = YES;
				CLANG_WARN_SUSPICIOUS_MOVE = YES;
				CLANG_WARN_UNGUARDED_AVAILABILITY = YES_AGGRESSIVE;
				CLANG_WARN_UNREACHABLE_CODE = YES;
				CLANG_WARN__DUPLICATE_METHOD_MATCH = YES;
				CODE_SIGN_IDENTITY = "iPhone Developer";
				COPY_PHASE_STRIP = NO;
				DEBUG_INFORMATION_FORMAT = dwarf;
				ENABLE_STRICT_OBJC_MSGSEND = YES;
				ENABLE_TESTABILITY = YES;
				GCC_C_LANGUAGE_STANDARD = gnu11;
				GCC_DYNAMIC_NO_PIC = NO;
				GCC_NO_COMMON_BLOCKS = YES;
				GCC_OPTIMIZATION_LEVEL = 0;
				GCC_PREPROCESSOR_DEFINITIONS = (
					"DEBUG=1",
					"$(inherited)",
				);
				GCC_WARN_64_TO_32_BIT_CONVERSION = YES;
				GCC_WARN_ABOUT_RETURN_TYPE = YES_ERROR;
				GCC_WARN_UNDECLARED_SELECTOR = YES;
				GCC_WARN_UNINITIALIZED_AUTOS = YES_AGGRESSIVE;
				GCC_WARN_UNUSED_FUNCTION = YES;
				GCC_WARN_UNUSED_VARIABLE = YES;
				IPHONEOS_DEPLOYMENT_TARGET = 12.2;
				MTL_ENABLE_DEBUG_INFO = INCLUDE_SOURCE;
				MTL_FAST_MATH = YES;
				ONLY_ACTIVE_ARCH = YES;
				SDKROOT = iphoneos;
			};
			name = Debug;
		};
		110FB82622EFDF9A0066CD3B /* Release */ = {
			isa = XCBuildConfiguration;
			buildSettings = {
				ALWAYS_SEARCH_USER_PATHS = NO;
				CLANG_ANALYZER_NONNULL = YES;
				CLANG_ANALYZER_NUMBER_OBJECT_CONVERSION = YES_AGGRESSIVE;
				CLANG_CXX_LANGUAGE_STANDARD = "gnu++14";
				CLANG_CXX_LIBRARY = "libc++";
				CLANG_ENABLE_MODULES = YES;
				CLANG_ENABLE_OBJC_ARC = YES;
				CLANG_ENABLE_OBJC_WEAK = YES;
				CLANG_WARN_BLOCK_CAPTURE_AUTORELEASING = YES;
				CLANG_WARN_BOOL_CONVERSION = YES;
				CLANG_WARN_COMMA = YES;
				CLANG_WARN_CONSTANT_CONVERSION = YES;
				CLANG_WARN_DEPRECATED_OBJC_IMPLEMENTATIONS = YES;
				CLANG_WARN_DIRECT_OBJC_ISA_USAGE = YES_ERROR;
				CLANG_WARN_DOCUMENTATION_COMMENTS = YES;
				CLANG_WARN_EMPTY_BODY = YES;
				CLANG_WARN_ENUM_CONVERSION = YES;
				CLANG_WARN_INFINITE_RECURSION = YES;
				CLANG_WARN_INT_CONVERSION = YES;
				CLANG_WARN_NON_LITERAL_NULL_CONVERSION = YES;
				CLANG_WARN_OBJC_IMPLICIT_RETAIN_SELF = YES;
				CLANG_WARN_OBJC_LITERAL_CONVERSION = YES;
				CLANG_WARN_OBJC_ROOT_CLASS = YES_ERROR;
				CLANG_WARN_RANGE_LOOP_ANALYSIS = YES;
				CLANG_WARN_STRICT_PROTOTYPES = YES;
				CLANG_WARN_SUSPICIOUS_MOVE = YES;
				CLANG_WARN_UNGUARDED_AVAILABILITY = YES_AGGRESSIVE;
				CLANG_WARN_UNREACHABLE_CODE = YES;
				CLANG_WARN__DUPLICATE_METHOD_MATCH = YES;
				CODE_SIGN_IDENTITY = "iPhone Developer";
				COPY_PHASE_STRIP = NO;
				DEBUG_INFORMATION_FORMAT = "dwarf-with-dsym";
				ENABLE_NS_ASSERTIONS = NO;
				ENABLE_STRICT_OBJC_MSGSEND = YES;
				GCC_C_LANGUAGE_STANDARD = gnu11;
				GCC_NO_COMMON_BLOCKS = YES;
				GCC_WARN_64_TO_32_BIT_CONVERSION = YES;
				GCC_WARN_ABOUT_RETURN_TYPE = YES_ERROR;
				GCC_WARN_UNDECLARED_SELECTOR = YES;
				GCC_WARN_UNINITIALIZED_AUTOS = YES_AGGRESSIVE;
				GCC_WARN_UNUSED_FUNCTION = YES;
				GCC_WARN_UNUSED_VARIABLE = YES;
				IPHONEOS_DEPLOYMENT_TARGET = 12.2;
				MTL_ENABLE_DEBUG_INFO = NO;
				MTL_FAST_MATH = YES;
				SDKROOT = iphoneos;
				VALIDATE_PRODUCT = YES;
			};
			name = Release;
		};
		110FB82822EFDF9A0066CD3B /* Debug */ = {
			isa = XCBuildConfiguration;
			baseConfigurationReference = D9688FB3679397D20BFE65E1 /* Pods-IGlistKitTestDemo.debug.xcconfig */;
			buildSettings = {
				ASSETCATALOG_COMPILER_APPICON_NAME = AppIcon;
				CODE_SIGN_STYLE = Automatic;
				INFOPLIST_FILE = IGlistKitTestDemo/Info.plist;
				LD_RUNPATH_SEARCH_PATHS = (
					"$(inherited)",
					"@executable_path/Frameworks",
				);
				PRODUCT_BUNDLE_IDENTIFIER = com.jiayuan.IGlistKitTestDemo;
				PRODUCT_NAME = "$(TARGET_NAME)";
				TARGETED_DEVICE_FAMILY = "1,2";
			};
			name = Debug;
		};
		110FB82922EFDF9A0066CD3B /* Release */ = {
			isa = XCBuildConfiguration;
			baseConfigurationReference = EA50CECEF36DE3BDC2BE84A9 /* Pods-IGlistKitTestDemo.release.xcconfig */;
			buildSettings = {
				ASSETCATALOG_COMPILER_APPICON_NAME = AppIcon;
				CODE_SIGN_STYLE = Automatic;
				INFOPLIST_FILE = IGlistKitTestDemo/Info.plist;
				LD_RUNPATH_SEARCH_PATHS = (
					"$(inherited)",
					"@executable_path/Frameworks",
				);
				PRODUCT_BUNDLE_IDENTIFIER = com.jiayuan.IGlistKitTestDemo;
				PRODUCT_NAME = "$(TARGET_NAME)";
				TARGETED_DEVICE_FAMILY = "1,2";
			};
			name = Release;
		};
		110FB82B22EFDF9A0066CD3B /* Debug */ = {
			isa = XCBuildConfiguration;
			buildSettings = {
				BUNDLE_LOADER = "$(TEST_HOST)";
				CODE_SIGN_STYLE = Automatic;
				INFOPLIST_FILE = IGlistKitTestDemoTests/Info.plist;
				LD_RUNPATH_SEARCH_PATHS = (
					"$(inherited)",
					"@executable_path/Frameworks",
					"@loader_path/Frameworks",
				);
				PRODUCT_BUNDLE_IDENTIFIER = com.jiayuan.IGlistKitTestDemoTests;
				PRODUCT_NAME = "$(TARGET_NAME)";
				TARGETED_DEVICE_FAMILY = "1,2";
				TEST_HOST = "$(BUILT_PRODUCTS_DIR)/IGlistKitTestDemo.app/IGlistKitTestDemo";
			};
			name = Debug;
		};
		110FB82C22EFDF9A0066CD3B /* Release */ = {
			isa = XCBuildConfiguration;
			buildSettings = {
				BUNDLE_LOADER = "$(TEST_HOST)";
				CODE_SIGN_STYLE = Automatic;
				INFOPLIST_FILE = IGlistKitTestDemoTests/Info.plist;
				LD_RUNPATH_SEARCH_PATHS = (
					"$(inherited)",
					"@executable_path/Frameworks",
					"@loader_path/Frameworks",
				);
				PRODUCT_BUNDLE_IDENTIFIER = com.jiayuan.IGlistKitTestDemoTests;
				PRODUCT_NAME = "$(TARGET_NAME)";
				TARGETED_DEVICE_FAMILY = "1,2";
				TEST_HOST = "$(BUILT_PRODUCTS_DIR)/IGlistKitTestDemo.app/IGlistKitTestDemo";
			};
			name = Release;
		};
		110FB82E22EFDF9A0066CD3B /* Debug */ = {
			isa = XCBuildConfiguration;
			buildSettings = {
				CODE_SIGN_STYLE = Automatic;
				INFOPLIST_FILE = IGlistKitTestDemoUITests/Info.plist;
				LD_RUNPATH_SEARCH_PATHS = (
					"$(inherited)",
					"@executable_path/Frameworks",
					"@loader_path/Frameworks",
				);
				PRODUCT_BUNDLE_IDENTIFIER = com.jiayuan.IGlistKitTestDemoUITests;
				PRODUCT_NAME = "$(TARGET_NAME)";
				TARGETED_DEVICE_FAMILY = "1,2";
				TEST_TARGET_NAME = IGlistKitTestDemo;
			};
			name = Debug;
		};
		110FB82F22EFDF9A0066CD3B /* Release */ = {
			isa = XCBuildConfiguration;
			buildSettings = {
				CODE_SIGN_STYLE = Automatic;
				INFOPLIST_FILE = IGlistKitTestDemoUITests/Info.plist;
				LD_RUNPATH_SEARCH_PATHS = (
					"$(inherited)",
					"@executable_path/Frameworks",
					"@loader_path/Frameworks",
				);
				PRODUCT_BUNDLE_IDENTIFIER = com.jiayuan.IGlistKitTestDemoUITests;
				PRODUCT_NAME = "$(TARGET_NAME)";
				TARGETED_DEVICE_FAMILY = "1,2";
				TEST_TARGET_NAME = IGlistKitTestDemo;
			};
			name = Release;
		};
/* End XCBuildConfiguration section */

/* Begin XCConfigurationList section */
		110FB7F622EFDF980066CD3B /* Build configuration list for PBXProject "IGlistKitTestDemo" */ = {
			isa = XCConfigurationList;
			buildConfigurations = (
				110FB82522EFDF9A0066CD3B /* Debug */,
				110FB82622EFDF9A0066CD3B /* Release */,
			);
			defaultConfigurationIsVisible = 0;
			defaultConfigurationName = Release;
		};
		110FB82722EFDF9A0066CD3B /* Build configuration list for PBXNativeTarget "IGlistKitTestDemo" */ = {
			isa = XCConfigurationList;
			buildConfigurations = (
				110FB82822EFDF9A0066CD3B /* Debug */,
				110FB82922EFDF9A0066CD3B /* Release */,
			);
			defaultConfigurationIsVisible = 0;
			defaultConfigurationName = Release;
		};
		110FB82A22EFDF9A0066CD3B /* Build configuration list for PBXNativeTarget "IGlistKitTestDemoTests" */ = {
			isa = XCConfigurationList;
			buildConfigurations = (
				110FB82B22EFDF9A0066CD3B /* Debug */,
				110FB82C22EFDF9A0066CD3B /* Release */,
			);
			defaultConfigurationIsVisible = 0;
			defaultConfigurationName = Release;
		};
		110FB82D22EFDF9A0066CD3B /* Build configuration list for PBXNativeTarget "IGlistKitTestDemoUITests" */ = {
			isa = XCConfigurationList;
			buildConfigurations = (
				110FB82E22EFDF9A0066CD3B /* Debug */,
				110FB82F22EFDF9A0066CD3B /* Release */,
			);
			defaultConfigurationIsVisible = 0;
			defaultConfigurationName = Release;
		};
/* End XCConfigurationList section */
	};
	rootObject = 110FB7F322EFDF980066CD3B /* Project object */;
}
